
Microsoft Visual Studio Solution File, Format Version 12.00
# Visual Studio Version 17
VisualStudioVersion = 17.7.34202.233
MinimumVisualStudioVersion = 10.0.40219.1
Project("{FAE04EC0-301F-11D3-BF4B-00C04F79EFBC}") = "SalesProject", "SalesProject\SalesProject.csproj", "{FA1D9DB2-B1DA-48DE-9368-F34184DD4516}"
EndProject
Global
	GlobalSection(SolutionConfigurationPlatforms) = preSolution
		Debug|Any CPU = Debug|Any CPU
		Release|Any CPU = Release|Any CPU
	EndGlobalSection
	GlobalSection(ProjectConfigurationPlatforms) = postSolution
		{FA1D9DB2-B1DA-48DE-9368-F34184DD4516}.Debug|Any CPU.ActiveCfg = Debug|Any CPU
		{FA1D9DB2-B1DA-48DE-9368-F34184DD4516}.Debug|Any CPU.Build.0 = Debug|Any CPU
		{FA1D9DB2-B1DA-48DE-9368-F34184DD4516}.Release|Any CPU.ActiveCfg = Release|Any CPU
		{FA1D9DB2-B1DA-48DE-9368-F34184DD4516}.Release|Any CPU.Build.0 = Release|Any CPU
	EndGlobalSection
	GlobalSection(SolutionProperties) = preSolution
		HideSolutionNode = FALSE
	EndGlobalSection
	GlobalSection(ExtensibilityGlobals) = postSolution
		SolutionGuid = {882D21EE-2B25-461D-8AC3-5E4EB6AEAFDC}
	EndGlobalSection
EndGlobal
